// !$*UTF8*$!
{
	archiveVersion = 1;
	classes = {
	};
	objectVersion = 46;
	objects = {

/* Begin PBXBuildFile section */
		0316E9931DE0775D003B5380 /* DetalhesViewController.m in Sources */ = {isa = PBXBuildFile; fileRef = 0316E9921DE0775D003B5380 /* DetalhesViewController.m */; };
		0316E9961DE09CFF003B5380 /* SiteViewController.m in Sources */ = {isa = PBXBuildFile; fileRef = 0316E9951DE09CFF003B5380 /* SiteViewController.m */; };
		0316E9981DE0B263003B5380 /* MapKit.framework in Frameworks */ = {isa = PBXBuildFile; fileRef = 0316E9971DE0B263003B5380 /* MapKit.framework */; };
		0316E99A1DE0B271003B5380 /* CoreLocation.framework in Frameworks */ = {isa = PBXBuildFile; fileRef = 0316E9991DE0B271003B5380 /* CoreLocation.framework */; };
		0316E99D1DE0B32E003B5380 /* MapaViewController.m in Sources */ = {isa = PBXBuildFile; fileRef = 0316E99C1DE0B32E003B5380 /* MapaViewController.m */; };
		03B2BFD31DCDEB6700203357 /* main.m in Sources */ = {isa = PBXBuildFile; fileRef = 03B2BFD21DCDEB6700203357 /* main.m */; };
		03B2BFD61DCDEB6700203357 /* AppDelegate.m in Sources */ = {isa = PBXBuildFile; fileRef = 03B2BFD51DCDEB6700203357 /* AppDelegate.m */; };
		03B2BFD91DCDEB6700203357 /* ViewController.m in Sources */ = {isa = PBXBuildFile; fileRef = 03B2BFD81DCDEB6700203357 /* ViewController.m */; };
		03B2BFDC1DCDEB6700203357 /* Main.storyboard in Resources */ = {isa = PBXBuildFile; fileRef = 03B2BFDA1DCDEB6700203357 /* Main.storyboard */; };
		03B2BFDE1DCDEB6700203357 /* Images.xcassets in Resources */ = {isa = PBXBuildFile; fileRef = 03B2BFDD1DCDEB6700203357 /* Images.xcassets */; };
		03B2BFE11DCDEB6700203357 /* LaunchScreen.xib in Resources */ = {isa = PBXBuildFile; fileRef = 03B2BFDF1DCDEB6700203357 /* LaunchScreen.xib */; };
		03B2BFED1DCDEB6700203357 /* AlcoolGasolinaTests.m in Sources */ = {isa = PBXBuildFile; fileRef = 03B2BFEC1DCDEB6700203357 /* AlcoolGasolinaTests.m */; };
		03B2BFF71DCE072D00203357 /* Social.framework in Frameworks */ = {isa = PBXBuildFile; fileRef = 03B2BFF61DCE072D00203357 /* Social.framework */; };
		03B2BFF91DCE2C4600203357 /* MessageUI.framework in Frameworks */ = {isa = PBXBuildFile; fileRef = 03B2BFF81DCE2C4600203357 /* MessageUI.framework */; };
		03B2BFFC1DCE46F100203357 /* HistoricoViewController.m in Sources */ = {isa = PBXBuildFile; fileRef = 03B2BFFB1DCE46F100203357 /* HistoricoViewController.m */; };
/* End PBXBuildFile section */

/* Begin PBXContainerItemProxy section */
		03B2BFE71DCDEB6700203357 /* PBXContainerItemProxy */ = {
			isa = PBXContainerItemProxy;
			containerPortal = 03B2BFC51DCDEB6700203357 /* Project object */;
			proxyType = 1;
			remoteGlobalIDString = 03B2BFCC1DCDEB6700203357;
			remoteInfo = AlcoolGasolina;
		};
/* End PBXContainerItemProxy section */

/* Begin PBXFileReference section */
		0316E9911DE0775D003B5380 /* DetalhesViewController.h */ = {isa = PBXFileReference; fileEncoding = 4; lastKnownFileType = sourcecode.c.h; path = DetalhesViewController.h; sourceTree = "<group>"; };
		0316E9921DE0775D003B5380 /* DetalhesViewController.m */ = {isa = PBXFileReference; fileEncoding = 4; lastKnownFileType = sourcecode.c.objc; path = DetalhesViewController.m; sourceTree = "<group>"; };
		0316E9941DE09CFF003B5380 /* SiteViewController.h */ = {isa = PBXFileReference; fileEncoding = 4; lastKnownFileType = sourcecode.c.h; path = SiteViewController.h; sourceTree = "<group>"; };
		0316E9951DE09CFF003B5380 /* SiteViewController.m */ = {isa = PBXFileReference; fileEncoding = 4; lastKnownFileType = sourcecode.c.objc; path = SiteViewController.m; sourceTree = "<group>"; };
		0316E9971DE0B263003B5380 /* MapKit.framework */ = {isa = PBXFileReference; lastKnownFileType = wrapper.framework; name = MapKit.framework; path = System/Library/Frameworks/MapKit.framework; sourceTree = SDKROOT; };
		0316E9991DE0B271003B5380 /* CoreLocation.framework */ = {isa = PBXFileReference; lastKnownFileType = wrapper.framework; name = CoreLocation.framework; path = System/Library/Frameworks/CoreLocation.framework; sourceTree = SDKROOT; };
		0316E99B1DE0B32E003B5380 /* MapaViewController.h */ = {isa = PBXFileReference; fileEncoding = 4; lastKnownFileType = sourcecode.c.h; path = MapaViewController.h; sourceTree = "<group>"; };
		0316E99C1DE0B32E003B5380 /* MapaViewController.m */ = {isa = PBXFileReference; fileEncoding = 4; lastKnownFileType = sourcecode.c.objc; path = MapaViewController.m; sourceTree = "<group>"; };
		03B2BFCD1DCDEB6700203357 /* AlcoolGasolina.app */ = {isa = PBXFileReference; explicitFileType = wrapper.application; includeInIndex = 0; path = AlcoolGasolina.app; sourceTree = BUILT_PRODUCTS_DIR; };
		03B2BFD11DCDEB6700203357 /* Info.plist */ = {isa = PBXFileReference; lastKnownFileType = text.plist.xml; path = Info.plist; sourceTree = "<group>"; };
		03B2BFD21DCDEB6700203357 /* main.m */ = {isa = PBXFileReference; lastKnownFileType = sourcecode.c.objc; path = main.m; sourceTree = "<group>"; };
		03B2BFD41DCDEB6700203357 /* AppDelegate.h */ = {isa = PBXFileReference; lastKnownFileType = sourcecode.c.h; path = AppDelegate.h; sourceTree = "<group>"; };
		03B2BFD51DCDEB6700203357 /* AppDelegate.m */ = {isa = PBXFileReference; lastKnownFileType = sourcecode.c.objc; path = AppDelegate.m; sourceTree = "<group>"; };
		03B2BFD71DCDEB6700203357 /* ViewController.h */ = {isa = PBXFileReference; lastKnownFileType = sourcecode.c.h; path = ViewController.h; sourceTree = "<group>"; };
		03B2BFD81DCDEB6700203357 /* ViewController.m */ = {isa = PBXFileReference; lastKnownFileType = sourcecode.c.objc; path = ViewController.m; sourceTree = "<group>"; };
		03B2BFDB1DCDEB6700203357 /* Base */ = {isa = PBXFileReference; lastKnownFileType = file.storyboard; name = Base; path = Base.lproj/Main.storyboard; sourceTree = "<group>"; };
		03B2BFDD1DCDEB6700203357 /* Images.xcassets */ = {isa = PBXFileReference; lastKnownFileType = folder.assetcatalog; path = Images.xcassets; sourceTree = "<group>"; };
		03B2BFE01DCDEB6700203357 /* Base */ = {isa = PBXFileReference; lastKnownFileType = file.xib; name = Base; path = Base.lproj/LaunchScreen.xib; sourceTree = "<group>"; };
		03B2BFE61DCDEB6700203357 /* AlcoolGasolinaTests.xctest */ = {isa = PBXFileReference; explicitFileType = wrapper.cfbundle; includeInIndex = 0; path = AlcoolGasolinaTests.xctest; sourceTree = BUILT_PRODUCTS_DIR; };
		03B2BFEB1DCDEB6700203357 /* Info.plist */ = {isa = PBXFileReference; lastKnownFileType = text.plist.xml; path = Info.plist; sourceTree = "<group>"; };
		03B2BFEC1DCDEB6700203357 /* AlcoolGasolinaTests.m */ = {isa = PBXFileReference; lastKnownFileType = sourcecode.c.objc; path = AlcoolGasolinaTests.m; sourceTree = "<group>"; };
		03B2BFF61DCE072D00203357 /* Social.framework */ = {isa = PBXFileReference; lastKnownFileType = wrapper.framework; name = Social.framework; path = System/Library/Frameworks/Social.framework; sourceTree = SDKROOT; };
		03B2BFF81DCE2C4600203357 /* MessageUI.framework */ = {isa = PBXFileReference; lastKnownFileType = wrapper.framework; name = MessageUI.framework; path = System/Library/Frameworks/MessageUI.framework; sourceTree = SDKROOT; };
		03B2BFFA1DCE46F100203357 /* HistoricoViewController.h */ = {isa = PBXFileReference; fileEncoding = 4; lastKnownFileType = sourcecode.c.h; path = HistoricoViewController.h; sourceTree = "<group>"; };
		03B2BFFB1DCE46F100203357 /* HistoricoViewController.m */ = {isa = PBXFileReference; fileEncoding = 4; lastKnownFileType = sourcecode.c.objc; path = HistoricoViewController.m; sourceTree = "<group>"; };
/* End PBXFileReference section */

/* Begin PBXFrameworksBuildPhase section */
		03B2BFCA1DCDEB6700203357 /* Frameworks */ = {
			isa = PBXFrameworksBuildPhase;
			buildActionMask = 2147483647;
			files = (
				0316E99A1DE0B271003B5380 /* CoreLocation.framework in Frameworks */,
				0316E9981DE0B263003B5380 /* MapKit.framework in Frameworks */,
				03B2BFF91DCE2C4600203357 /* MessageUI.framework in Frameworks */,
				03B2BFF71DCE072D00203357 /* Social.framework in Frameworks */,
			);
			runOnlyForDeploymentPostprocessing = 0;
		};
		03B2BFE31DCDEB6700203357 /* Frameworks */ = {
			isa = PBXFrameworksBuildPhase;
			buildActionMask = 2147483647;
			files = (
			);
			runOnlyForDeploymentPostprocessing = 0;
		};
/* End PBXFrameworksBuildPhase section */

/* Begin PBXGroup section */
		03B2BFC41DCDEB6700203357 = {
			isa = PBXGroup;
			children = (
				0316E9991DE0B271003B5380 /* CoreLocation.framework */,
				0316E9971DE0B263003B5380 /* MapKit.framework */,
				03B2BFF81DCE2C4600203357 /* MessageUI.framework */,
				03B2BFF61DCE072D00203357 /* Social.framework */,
				03B2BFCF1DCDEB6700203357 /* AlcoolGasolina */,
				03B2BFE91DCDEB6700203357 /* AlcoolGasolinaTests */,
				03B2BFCE1DCDEB6700203357 /* Products */,
			);
			sourceTree = "<group>";
		};
		03B2BFCE1DCDEB6700203357 /* Products */ = {
			isa = PBXGroup;
			children = (
				03B2BFCD1DCDEB6700203357 /* AlcoolGasolina.app */,
				03B2BFE61DCDEB6700203357 /* AlcoolGasolinaTests.xctest */,
			);
			name = Products;
			sourceTree = "<group>";
		};
		03B2BFCF1DCDEB6700203357 /* AlcoolGasolina */ = {
			isa = PBXGroup;
			children = (
				03B2BFD41DCDEB6700203357 /* AppDelegate.h */,
				03B2BFD51DCDEB6700203357 /* AppDelegate.m */,
				03B2BFD71DCDEB6700203357 /* ViewController.h */,
				03B2BFD81DCDEB6700203357 /* ViewController.m */,
				03B2BFDA1DCDEB6700203357 /* Main.storyboard */,
				03B2BFDD1DCDEB6700203357 /* Images.xcassets */,
				03B2BFDF1DCDEB6700203357 /* LaunchScreen.xib */,
				03B2BFD01DCDEB6700203357 /* Supporting Files */,
				03B2BFFA1DCE46F100203357 /* HistoricoViewController.h */,
				03B2BFFB1DCE46F100203357 /* HistoricoViewController.m */,
				0316E9911DE0775D003B5380 /* DetalhesViewController.h */,
				0316E9921DE0775D003B5380 /* DetalhesViewController.m */,
				0316E9941DE09CFF003B5380 /* SiteViewController.h */,
				0316E9951DE09CFF003B5380 /* SiteViewController.m */,
				0316E99B1DE0B32E003B5380 /* MapaViewController.h */,
				0316E99C1DE0B32E003B5380 /* MapaViewController.m */,
			);
			path = AlcoolGasolina;
			sourceTree = "<group>";
		};
		03B2BFD01DCDEB6700203357 /* Supporting Files */ = {
			isa = PBXGroup;
			children = (
				03B2BFD11DCDEB6700203357 /* Info.plist */,
				03B2BFD21DCDEB6700203357 /* main.m */,
			);
			name = "Supporting Files";
			sourceTree = "<group>";
		};
		03B2BFE91DCDEB6700203357 /* AlcoolGasolinaTests */ = {
			isa = PBXGroup;
			children = (
				03B2BFEC1DCDEB6700203357 /* AlcoolGasolinaTests.m */,
				03B2BFEA1DCDEB6700203357 /* Supporting Files */,
			);
			path = AlcoolGasolinaTests;
			sourceTree = "<group>";
		};
		03B2BFEA1DCDEB6700203357 /* Supporting Files */ = {
			isa = PBXGroup;
			children = (
				03B2BFEB1DCDEB6700203357 /* Info.plist */,
			);
			name = "Supporting Files";
			sourceTree = "<group>";
		};
/* End PBXGroup section */

/* Begin PBXNativeTarget section */
		03B2BFCC1DCDEB6700203357 /* AlcoolGasolina */ = {
			isa = PBXNativeTarget;
			buildConfigurationList = 03B2BFF01DCDEB6700203357 /* Build configuration list for PBXNativeTarget "AlcoolGasolina" */;
			buildPhases = (
				03B2BFC91DCDEB6700203357 /* Sources */,
				03B2BFCA1DCDEB6700203357 /* Frameworks */,
				03B2BFCB1DCDEB6700203357 /* Resources */,
			);
			buildRules = (
			);
			dependencies = (
			);
			name = AlcoolGasolina;
			productName = AlcoolGasolina;
			productReference = 03B2BFCD1DCDEB6700203357 /* AlcoolGasolina.app */;
			productType = "com.apple.product-type.application";
		};
		03B2BFE51DCDEB6700203357 /* AlcoolGasolinaTests */ = {
			isa = PBXNativeTarget;
			buildConfigurationList = 03B2BFF31DCDEB6700203357 /* Build configuration list for PBXNativeTarget "AlcoolGasolinaTests" */;
			buildPhases = (
				03B2BFE21DCDEB6700203357 /* Sources */,
				03B2BFE31DCDEB6700203357 /* Frameworks */,
				03B2BFE41DCDEB6700203357 /* Resources */,
			);
			buildRules = (
			);
			dependencies = (
				03B2BFE81DCDEB6700203357 /* PBXTargetDependency */,
			);
			name = AlcoolGasolinaTests;
			productName = AlcoolGasolinaTests;
			productReference = 03B2BFE61DCDEB6700203357 /* AlcoolGasolinaTests.xctest */;
			productType = "com.apple.product-type.bundle.unit-test";
		};
/* End PBXNativeTarget section */

/* Begin PBXProject section */
		03B2BFC51DCDEB6700203357 /* Project object */ = {
			isa = PBXProject;
			attributes = {
				LastUpgradeCheck = 0630;
				ORGANIZATIONNAME = "Faculdade Alfa";
				TargetAttributes = {
					03B2BFCC1DCDEB6700203357 = {
						CreatedOnToolsVersion = 6.3.2;
					};
					03B2BFE51DCDEB6700203357 = {
						CreatedOnToolsVersion = 6.3.2;
						TestTargetID = 03B2BFCC1DCDEB6700203357;
					};
				};
			};
			buildConfigurationList = 03B2BFC81DCDEB6700203357 /* Build configuration list for PBXProject "AlcoolGasolina" */;
			compatibilityVersion = "Xcode 3.2";
			developmentRegion = English;
			hasScannedForEncodings = 0;
			knownRegions = (
				en,
				Base,
			);
			mainGroup = 03B2BFC41DCDEB6700203357;
			productRefGroup = 03B2BFCE1DCDEB6700203357 /* Products */;
			projectDirPath = "";
			projectRoot = "";
			targets = (
				03B2BFCC1DCDEB6700203357 /* AlcoolGasolina */,
				03B2BFE51DCDEB6700203357 /* AlcoolGasolinaTests */,
			);
		};
/* End PBXProject section */

/* Begin PBXResourcesBuildPhase section */
		03B2BFCB1DCDEB6700203357 /* Resources */ = {
			isa = PBXResourcesBuildPhase;
			buildActionMask = 2147483647;
			files = (
				03B2BFDC1DCDEB6700203357 /* Main.storyboard in Resources */,
				03B2BFE11DCDEB6700203357 /* LaunchScreen.xib in Resources */,
				03B2BFDE1DCDEB6700203357 /* Images.xcassets in Resources */,
			);
			runOnlyForDeploymentPostprocessing = 0;
		};
		03B2BFE41DCDEB6700203357 /* Resources */ = {
			isa = PBXResourcesBuildPhase;
			buildActionMask = 2147483647;
			files = (
			);
			runOnlyForDeploymentPostprocessing = 0;
		};
/* End PBXResourcesBuildPhase section */

/* Begin PBXSourcesBuildPhase section */
		03B2BFC91DCDEB6700203357 /* Sources */ = {
			isa = PBXSourcesBuildPhase;
			buildActionMask = 2147483647;
			files = (
				03B2BFD91DCDEB6700203357 /* ViewController.m in Sources */,
				0316E9961DE09CFF003B5380 /* SiteViewController.m in Sources */,
				03B2BFD61DCDEB6700203357 /* AppDelegate.m in Sources */,
				03B2BFD31DCDEB6700203357 /* main.m in Sources */,
				0316E99D1DE0B32E003B5380 /* MapaViewController.m in Sources */,
				0316E9931DE0775D003B5380 /* DetalhesViewController.m in Sources */,
				03B2BFFC1DCE46F100203357 /* HistoricoViewController.m in Sources */,
			);
			runOnlyForDeploymentPostprocessing = 0;
		};
		03B2BFE21DCDEB6700203357 /* Sources */ = {
			isa = PBXSourcesBuildPhase;
			buildActionMask = 2147483647;
			files = (
				03B2BFED1DCDEB6700203357 /* AlcoolGasolinaTests.m in Sources */,
			);
			runOnlyForDeploymentPostprocessing = 0;
		};
/* End PBXSourcesBuildPhase section */

/* Begin PBXTargetDependency section */
		03B2BFE81DCDEB6700203357 /* PBXTargetDependency */ = {
			isa = PBXTargetDependency;
			target = 03B2BFCC1DCDEB6700203357 /* AlcoolGasolina */;
			targetProxy = 03B2BFE71DCDEB6700203357 /* PBXContainerItemProxy */;
		};
/* End PBXTargetDependency section */

/* Begin PBXVariantGroup section */
		03B2BFDA1DCDEB6700203357 /* Main.storyboard */ = {
			isa = PBXVariantGroup;
			children = (
				03B2BFDB1DCDEB6700203357 /* Base */,
			);
			name = Main.storyboard;
			sourceTree = "<group>";
		};
		03B2BFDF1DCDEB6700203357 /* LaunchScreen.xib */ = {
			isa = PBXVariantGroup;
			children = (
				03B2BFE01DCDEB6700203357 /* Base */,
			);
			name = LaunchScreen.xib;
			sourceTree = "<group>";
		};
/* End PBXVariantGroup section */

/* Begin XCBuildConfiguration section */
		03B2BFEE1DCDEB6700203357 /* Debug */ = {
			isa = XCBuildConfiguration;
			buildSettings = {
				ALWAYS_SEARCH_USER_PATHS = NO;
				CLANG_CXX_LANGUAGE_STANDARD = "gnu++0x";
				CLANG_CXX_LIBRARY = "libc++";
				CLANG_ENABLE_MODULES = YES;
				CLANG_ENABLE_OBJC_ARC = YES;
				CLANG_WARN_BOOL_CONVERSION = YES;
				CLANG_WARN_CONSTANT_CONVERSION = YES;
				CLANG_WARN_DIRECT_OBJC_ISA_USAGE = YES_ERROR;
				CLANG_WARN_EMPTY_BODY = YES;
				CLANG_WARN_ENUM_CONVERSION = YES;
				CLANG_WARN_INT_CONVERSION = YES;
				CLANG_WARN_OBJC_ROOT_CLASS = YES_ERROR;
				CLANG_WARN_UNREACHABLE_CODE = YES;
				CLANG_WARN__DUPLICATE_METHOD_MATCH = YES;
				"CODE_SIGN_IDENTITY[sdk=iphoneos*]" = "iPhone Developer";
				COPY_PHASE_STRIP = NO;
				DEBUG_INFORMATION_FORMAT = "dwarf-with-dsym";
				ENABLE_STRICT_OBJC_MSGSEND = YES;
				GCC_C_LANGUAGE_STANDARD = gnu99;
				GCC_DYNAMIC_NO_PIC = NO;
				GCC_NO_COMMON_BLOCKS = YES;
				GCC_OPTIMIZATION_LEVEL = 0;
				GCC_PREPROCESSOR_DEFINITIONS = (
					"DEBUG=1",
					"$(inherited)",
				);
				GCC_SYMBOLS_PRIVATE_EXTERN = NO;
				GCC_WARN_64_TO_32_BIT_CONVERSION = YES;
				GCC_WARN_ABOUT_RETURN_TYPE = YES_ERROR;
				GCC_WARN_UNDECLARED_SELECTOR = YES;
				GCC_WARN_UNINITIALIZED_AUTOS = YES_AGGRESSIVE;
				GCC_WARN_UNUSED_FUNCTION = YES;
				GCC_WARN_UNUSED_VARIABLE = YES;
				IPHONEOS_DEPLOYMENT_TARGET = 8.3;
				MTL_ENABLE_DEBUG_INFO = YES;
				ONLY_ACTIVE_ARCH = YES;
				SDKROOT = iphoneos;
			};
			name = Debug;
		};
		03B2BFEF1DCDEB6700203357 /* Release */ = {
			isa = XCBuildConfiguration;
			buildSettings = {
				ALWAYS_SEARCH_USER_PATHS = NO;
				CLANG_CXX_LANGUAGE_STANDARD = "gnu++0x";
				CLANG_CXX_LIBRARY = "libc++";
				CLANG_ENABLE_MODULES = YES;
				CLANG_ENABLE_OBJC_ARC = YES;
				CLANG_WARN_BOOL_CONVERSION = YES;
				CLANG_WARN_CONSTANT_CONVERSION = YES;
				CLANG_WARN_DIRECT_OBJC_ISA_USAGE = YES_ERROR;
				CLANG_WARN_EMPTY_BODY = YES;
				CLANG_WARN_ENUM_CONVERSION = YES;
				CLANG_WARN_INT_CONVERSION = YES;
				CLANG_WARN_OBJC_ROOT_CLASS = YES_ERROR;
				CLANG_WARN_UNREACHABLE_CODE = YES;
				CLANG_WARN__DUPLICATE_METHOD_MATCH = YES;
				"CODE_SIGN_IDENTITY[sdk=iphoneos*]" = "iPhone Developer";
				COPY_PHASE_STRIP = NO;
				DEBUG_INFORMATION_FORMAT = "dwarf-with-dsym";
				ENABLE_NS_ASSERTIONS = NO;
				ENABLE_STRICT_OBJC_MSGSEND = YES;
				GCC_C_LANGUAGE_STANDARD = gnu99;
				GCC_NO_COMMON_BLOCKS = YES;
				GCC_WARN_64_TO_32_BIT_CONVERSION = YES;
				GCC_WARN_ABOUT_RETURN_TYPE = YES_ERROR;
				GCC_WARN_UNDECLARED_SELECTOR = YES;
				GCC_WARN_UNINITIALIZED_AUTOS = YES_AGGRESSIVE;
				GCC_WARN_UNUSED_FUNCTION = YES;
				GCC_WARN_UNUSED_VARIABLE = YES;
				IPHONEOS_DEPLOYMENT_TARGET = 8.3;
				MTL_ENABLE_DEBUG_INFO = NO;
				SDKROOT = iphoneos;
				VALIDATE_PRODUCT = YES;
			};
			name = Release;
		};
		03B2BFF11DCDEB6700203357 /* Debug */ = {
			isa = XCBuildConfiguration;
			buildSettings = {
				ASSETCATALOG_COMPILER_APPICON_NAME = AppIcon;
				INFOPLIST_FILE = AlcoolGasolina/Info.plist;
				LD_RUNPATH_SEARCH_PATHS = "$(inherited) @executable_path/Frameworks";
				PRODUCT_NAME = "$(TARGET_NAME)";
			};
			name = Debug;
		};
		03B2BFF21DCDEB6700203357 /* Release */ = {
			isa = XCBuildConfiguration;
			buildSettings = {
				ASSETCATALOG_COMPILER_APPICON_NAME = AppIcon;
				INFOPLIST_FILE = AlcoolGasolina/Info.plist;
				LD_RUNPATH_SEARCH_PATHS = "$(inherited) @executable_path/Frameworks";
				PRODUCT_NAME = "$(TARGET_NAME)";
			};
			name = Release;
		};
		03B2BFF41DCDEB6700203357 /* Debug */ = {
			isa = XCBuildConfiguration;
			buildSettings = {
				BUNDLE_LOADER = "$(TEST_HOST)";
				FRAMEWORK_SEARCH_PATHS = (
					"$(SDKROOT)/Developer/Library/Frameworks",
					"$(inherited)",
				);
				GCC_PREPROCESSOR_DEFINITIONS = (
					"DEBUG=1",
					"$(inherited)",
				);
				INFOPLIST_FILE = AlcoolGasolinaTests/Info.plist;
				LD_RUNPATH_SEARCH_PATHS = "$(inherited) @executable_path/Frameworks @loader_path/Frameworks";
				PRODUCT_NAME = "$(TARGET_NAME)";
				TEST_HOST = "$(BUILT_PRODUCTS_DIR)/AlcoolGasolina.app/AlcoolGasolina";
			};
			name = Debug;
		};
		03B2BFF51DCDEB6700203357 /* Release */ = {
			isa = XCBuildConfiguration;
			buildSettings = {
				BUNDLE_LOADER = "$(TEST_HOST)";
				FRAMEWORK_SEARCH_PATHS = (
					"$(SDKROOT)/Developer/Library/Frameworks",
					"$(inherited)",
				);
				INFOPLIST_FILE = AlcoolGasolinaTests/Info.plist;
				LD_RUNPATH_SEARCH_PATHS = "$(inherited) @executable_path/Frameworks @loader_path/Frameworks";
				PRODUCT_NAME = "$(TARGET_NAME)";
				TEST_HOST = "$(BUILT_PRODUCTS_DIR)/AlcoolGasolina.app/AlcoolGasolina";
			};
			name = Release;
		};
/* End XCBuildConfiguration section */

/* Begin XCConfigurationList section */
		03B2BFC81DCDEB6700203357 /* Build configuration list for PBXProject "AlcoolGasolina" */ = {
			isa = XCConfigurationList;
			buildConfigurations = (
				03B2BFEE1DCDEB6700203357 /* Debug */,
				03B2BFEF1DCDEB6700203357 /* Release */,
			);
			defaultConfigurationIsVisible = 0;
			defaultConfigurationName = Release;
		};
		03B2BFF01DCDEB6700203357 /* Build configuration list for PBXNativeTarget "AlcoolGasolina" */ = {
			isa = XCConfigurationList;
			buildConfigurations = (
				03B2BFF11DCDEB6700203357 /* Debug */,
				03B2BFF21DCDEB6700203357 /* Release */,
			);
			defaultConfigurationIsVisible = 0;
			defaultConfigurationName = Release;
		};
		03B2BFF31DCDEB6700203357 /* Build configuration list for PBXNativeTarget "AlcoolGasolinaTests" */ = {
			isa = XCConfigurationList;
			buildConfigurations = (
				03B2BFF41DCDEB6700203357 /* Debug */,
				03B2BFF51DCDEB6700203357 /* Release */,
			);
			defaultConfigurationIsVisible = 0;
			defaultConfigurationName = Release;
		};
/* End XCConfigurationList section */
	};
	rootObject = 03B2BFC51DCDEB6700203357 /* Project object */;
}
